
Microsoft Visual Studio Solution File, Format Version 12.00
# Visual Studio Version 16
VisualStudioVersion = 16.0.30804.86
MinimumVisualStudioVersion = 10.0.40219.1
Project("{FAE04EC0-301F-11D3-BF4B-00C04F79EFBC}") = "XBDAppPortalWebFormAppPrj", "XBDAppPortalWebFormAppPrj\XBDAppPortalWebFormAppPrj.csproj", "{CE0B4E38-2ACD-44A8-B5A2-CB30915D55AE}"
EndProject
Project("{FAE04EC0-301F-11D3-BF4B-00C04F79EFBC}") = "XBDAppPortalWebFormApp.BLL", "XBDAppPortalWebFormApp.BLL\XBDAppPortalWebFormApp.BLL.csproj", "{78A2DDD7-A3D4-4E6E-A218-D2E8B41BB397}"
EndProject
Project("{FAE04EC0-301F-11D3-BF4B-00C04F79EFBC}") = "XBDAppPortalWebFormApp.DAL", "XBDAppPortalWebFormApp.DAL\XBDAppPortalWebFormApp.DAL.csproj", "{79FD6BD6-7AC1-49F3-B268-0B5FCD0486C5}"
EndProject
Project("{FAE04EC0-301F-11D3-BF4B-00C04F79EFBC}") = "XBDAppWebFormApp.DTO", "XBDAppWebFormApp.DTO\XBDAppWebFormApp.DTO.csproj", "{F492B5DF-80EE-4C46-B578-C84D06881FE5}"
EndProject
Global
	GlobalSection(SolutionConfigurationPlatforms) = preSolution
		Debug|Any CPU = Debug|Any CPU
		Release|Any CPU = Release|Any CPU
	EndGlobalSection
	GlobalSection(ProjectConfigurationPlatforms) = postSolution
		{CE0B4E38-2ACD-44A8-B5A2-CB30915D55AE}.Debug|Any CPU.ActiveCfg = Debug|Any CPU
		{CE0B4E38-2ACD-44A8-B5A2-CB30915D55AE}.Debug|Any CPU.Build.0 = Debug|Any CPU
		{CE0B4E38-2ACD-44A8-B5A2-CB30915D55AE}.Release|Any CPU.ActiveCfg = Release|Any CPU
		{CE0B4E38-2ACD-44A8-B5A2-CB30915D55AE}.Release|Any CPU.Build.0 = Release|Any CPU
		{78A2DDD7-A3D4-4E6E-A218-D2E8B41BB397}.Debug|Any CPU.ActiveCfg = Debug|Any CPU
		{78A2DDD7-A3D4-4E6E-A218-D2E8B41BB397}.Debug|Any CPU.Build.0 = Debug|Any CPU
		{78A2DDD7-A3D4-4E6E-A218-D2E8B41BB397}.Release|Any CPU.ActiveCfg = Release|Any CPU
		{78A2DDD7-A3D4-4E6E-A218-D2E8B41BB397}.Release|Any CPU.Build.0 = Release|Any CPU
		{79FD6BD6-7AC1-49F3-B268-0B5FCD0486C5}.Debug|Any CPU.ActiveCfg = Debug|Any CPU
		{79FD6BD6-7AC1-49F3-B268-0B5FCD0486C5}.Debug|Any CPU.Build.0 = Debug|Any CPU
		{79FD6BD6-7AC1-49F3-B268-0B5FCD0486C5}.Release|Any CPU.ActiveCfg = Release|Any CPU
		{79FD6BD6-7AC1-49F3-B268-0B5FCD0486C5}.Release|Any CPU.Build.0 = Release|Any CPU
		{F492B5DF-80EE-4C46-B578-C84D06881FE5}.Debug|Any CPU.ActiveCfg = Debug|Any CPU
		{F492B5DF-80EE-4C46-B578-C84D06881FE5}.Debug|Any CPU.Build.0 = Debug|Any CPU
		{F492B5DF-80EE-4C46-B578-C84D06881FE5}.Release|Any CPU.ActiveCfg = Release|Any CPU
		{F492B5DF-80EE-4C46-B578-C84D06881FE5}.Release|Any CPU.Build.0 = Release|Any CPU
	EndGlobalSection
	GlobalSection(SolutionProperties) = preSolution
		HideSolutionNode = FALSE
	EndGlobalSection
	GlobalSection(ExtensibilityGlobals) = postSolution
		SolutionGuid = {D0661C42-8AB4-45A9-BEC5-12AA1D56F702}
	EndGlobalSection
EndGlobal
